{
  "name": "@luna/assistant-sdk",
  "version": "0.1.0",
  "lockfileVersion": 3,
  "requires": true,
  "packages": {
    "": {
      "name": "@luna/assistant-sdk",
      "version": "0.1.0",
      "dependencies": {
        "luna-assistant-service": "file:../luna-assistant-service"
      }
    },
    "../luna-assistant-service": {
      "version": "0.1.0",
      "license": "MIT",
      "dependencies": {
        "@luna/assistant-core": "github:yskills/aissistant#v0.1.7",
        "better-sqlite3": "^11.10.0",
        "cors": "^2.8.6",
        "dotenv": "^17.3.1",
        "express": "^4.21.2",
        "ollama": "^0.5.18"
      }
    },
    "node_modules/luna-assistant-service": {
      "resolved": "../luna-assistant-service",
      "link": true
    }
  }
}
